
Microsoft Visual Studio Solution File, Format Version 12.00
Project("{FAE04EC0-301F-11D3-BF4B-00C04F79EFBC}") = "GraphqlAPI", "GraphqlAPI\GraphqlAPI.csproj", "{15290BA4-D4FE-4748-82C6-006EC93769BE}"
EndProject
Global
	GlobalSection(SolutionConfigurationPlatforms) = preSolution
		Debug|Any CPU = Debug|Any CPU
		Release|Any CPU = Release|Any CPU
	EndGlobalSection
	GlobalSection(ProjectConfigurationPlatforms) = postSolution
		{15290BA4-D4FE-4748-82C6-006EC93769BE}.Debug|Any CPU.ActiveCfg = Debug|Any CPU
		{15290BA4-D4FE-4748-82C6-006EC93769BE}.Debug|Any CPU.Build.0 = Debug|Any CPU
		{15290BA4-D4FE-4748-82C6-006EC93769BE}.Release|Any CPU.ActiveCfg = Release|Any CPU
		{15290BA4-D4FE-4748-82C6-006EC93769BE}.Release|Any CPU.Build.0 = Release|Any CPU
	EndGlobalSection
EndGlobal
